// labelle.lock — resolved dependency versions
// Generated by labelle-cli. Commit this file to git.
.{
    .cli_version = "1.13.0",
    .resolved = .{
        .core = .{ .version = "local:../../../labelle-core" },
        .engine = .{ .version = "local:../../../labelle-engine" },
        .gfx = .{ .version = "local:../../../labelle-gfx" },
        .labelle = .{ .version = "local:../../" },
        .backend = .{ .name = "raylib", .platform = "desktop" },
        .ecs = .{ .name = "zig_ecs" },
    },
}
